{
  "name": "Rail_Sense",
  "lockfileVersion": 3,
  "requires": true,
  "packages": {
    "": {
      "dependencies": {
        "irctc-connect": "^3.1.1"
      }
    },
    "node_modules/irctc-connect": {
      "version": "3.1.1",
      "resolved": "https://registry.npmjs.org/irctc-connect/-/irctc-connect-3.1.1.tgz",
      "integrity": "sha512-4+4no3+WEbxPqELqoXKXgaT6INqSK9wTRbfNdCl1nlRyzmksoqMx+S7epRq7skOKHAx3z1EJdke2SB8yWV9hnQ==",
      "license": "ISC"
    }
  }
}
